{
  "name": "m0squared-indicator",
  "version": "1.0.5",
  "lockfileVersion": 3,
  "requires": true,
  "packages": {
    "": {
      "name": "m0squared-indicator",
      "version": "1.0.5",
      "hasInstallScript": true,
      "license": "MIT",
      "dependencies": {
        "m0squared-indicator": "^1.0.3"
      },
      "bin": {
        "m0squared-indicator": "bin/cli.js"
      },
      "engines": {
        "node": ">=16"
      }
    },
    "node_modules/m0squared-indicator": {
      "version": "1.0.3",
      "resolved": "https://registry.npmjs.org/m0squared-indicator/-/m0squared-indicator-1.0.3.tgz",
      "integrity": "sha512-eV4tZX0qeMRoqG+cdvItzCllawaoRrF+EVWZxd27OiukKhI6+HmelEcHcM9XBPSh2BvdSmwxioIXe7kv29ldtA==",
      "hasInstallScript": true,
      "license": "MIT",
      "bin": {
        "m0squared-indicator": "bin/cli.js"
      },
      "engines": {
        "node": ">=16"
      }
    }
  }
}
